// !$*UTF8*$!
{
	archiveVersion = 1;
	classes = {
	};
	objectVersion = 50;
	objects = {

/* Begin PBXBuildFile section */
		D94A0907218F682E00886D69 /* Speiseplan.swift in Sources */ = {isa = PBXBuildFile; fileRef = D94A0906218F682E00886D69 /* Speiseplan.swift */; };
		D94A0909218F6A8800886D69 /* News.swift in Sources */ = {isa = PBXBuildFile; fileRef = D94A0908218F6A8800886D69 /* News.swift */; };
		D983AE1220AB1CF800FA2851 /* Termine.swift in Sources */ = {isa = PBXBuildFile; fileRef = D983AE1120AB1CF800FA2851 /* Termine.swift */; };
		D9A7324220AB0B8A00AC194D /* AppDelegate.swift in Sources */ = {isa = PBXBuildFile; fileRef = D9A7324120AB0B8A00AC194D /* AppDelegate.swift */; };
		D9A7324420AB0B8A00AC194D /* FirstViewController.swift in Sources */ = {isa = PBXBuildFile; fileRef = D9A7324320AB0B8A00AC194D /* FirstViewController.swift */; };
		D9A7324620AB0B8A00AC194D /* Settings.swift in Sources */ = {isa = PBXBuildFile; fileRef = D9A7324520AB0B8A00AC194D /* Settings.swift */; };
		D9A7324920AB0B8A00AC194D /* Main.storyboard in Resources */ = {isa = PBXBuildFile; fileRef = D9A7324720AB0B8A00AC194D /* Main.storyboard */; };
		D9A7324B20AB0B9300AC194D /* Assets.xcassets in Resources */ = {isa = PBXBuildFile; fileRef = D9A7324A20AB0B9300AC194D /* Assets.xcassets */; };
		D9A7324E20AB0B9300AC194D /* LaunchScreen.storyboard in Resources */ = {isa = PBXBuildFile; fileRef = D9A7324C20AB0B9300AC194D /* LaunchScreen.storyboard */; };
/* End PBXBuildFile section */

/* Begin PBXFileReference section */
		D94A0906218F682E00886D69 /* Speiseplan.swift */ = {isa = PBXFileReference; lastKnownFileType = sourcecode.swift; path = Speiseplan.swift; sourceTree = "<group>"; };
		D94A0908218F6A8800886D69 /* News.swift */ = {isa = PBXFileReference; lastKnownFileType = sourcecode.swift; path = News.swift; sourceTree = "<group>"; };
		D983AE1120AB1CF800FA2851 /* Termine.swift */ = {isa = PBXFileReference; lastKnownFileType = sourcecode.swift; path = Termine.swift; sourceTree = "<group>"; };
		D983AE1320AB1ECA00FA2851 /* de */ = {isa = PBXFileReference; lastKnownFileType = text.plist.strings; name = de; path = de.lproj/Main.strings; sourceTree = "<group>"; };
		D983AE1420AB1ECA00FA2851 /* de */ = {isa = PBXFileReference; lastKnownFileType = text.plist.strings; name = de; path = de.lproj/LaunchScreen.strings; sourceTree = "<group>"; };
		D9A7323E20AB0B8A00AC194D /* Gymnasium Herzogenaurach.app */ = {isa = PBXFileReference; explicitFileType = wrapper.application; includeInIndex = 0; path = "Gymnasium Herzogenaurach.app"; sourceTree = BUILT_PRODUCTS_DIR; };
		D9A7324120AB0B8A00AC194D /* AppDelegate.swift */ = {isa = PBXFileReference; lastKnownFileType = sourcecode.swift; path = AppDelegate.swift; sourceTree = "<group>"; };
		D9A7324320AB0B8A00AC194D /* FirstViewController.swift */ = {isa = PBXFileReference; lastKnownFileType = sourcecode.swift; path = FirstViewController.swift; sourceTree = "<group>"; };
		D9A7324520AB0B8A00AC194D /* Settings.swift */ = {isa = PBXFileReference; lastKnownFileType = sourcecode.swift; path = Settings.swift; sourceTree = "<group>"; };
		D9A7324820AB0B8A00AC194D /* Base */ = {isa = PBXFileReference; lastKnownFileType = file.storyboard; name = Base; path = Base.lproj/Main.storyboard; sourceTree = "<group>"; };
		D9A7324A20AB0B9300AC194D /* Assets.xcassets */ = {isa = PBXFileReference; lastKnownFileType = folder.assetcatalog; path = Assets.xcassets; sourceTree = "<group>"; };
		D9A7324D20AB0B9300AC194D /* Base */ = {isa = PBXFileReference; lastKnownFileType = file.storyboard; name = Base; path = Base.lproj/LaunchScreen.storyboard; sourceTree = "<group>"; };
		D9A7324F20AB0B9300AC194D /* Info.plist */ = {isa = PBXFileReference; lastKnownFileType = text.plist.xml; path = Info.plist; sourceTree = "<group>"; };
/* End PBXFileReference section */

/* Begin PBXFrameworksBuildPhase section */
		D9A7323B20AB0B8A00AC194D /* Frameworks */ = {
			isa = PBXFrameworksBuildPhase;
			buildActionMask = 2147483647;
			files = (
			);
			runOnlyForDeploymentPostprocessing = 0;
		};
/* End PBXFrameworksBuildPhase section */

/* Begin PBXGroup section */
		D9A7323520AB0B8A00AC194D = {
			isa = PBXGroup;
			children = (
				D9A7324020AB0B8A00AC194D /* Gymnasium Herzogenaurach */,
				D9A7323F20AB0B8A00AC194D /* Products */,
			);
			sourceTree = "<group>";
		};
		D9A7323F20AB0B8A00AC194D /* Products */ = {
			isa = PBXGroup;
			children = (
				D9A7323E20AB0B8A00AC194D /* Gymnasium Herzogenaurach.app */,
			);
			name = Products;
			sourceTree = "<group>";
		};
		D9A7324020AB0B8A00AC194D /* Gymnasium Herzogenaurach */ = {
			isa = PBXGroup;
			children = (
				D9A7324120AB0B8A00AC194D /* AppDelegate.swift */,
				D9A7324320AB0B8A00AC194D /* FirstViewController.swift */,
				D9A7324520AB0B8A00AC194D /* Settings.swift */,
				D983AE1120AB1CF800FA2851 /* Termine.swift */,
				D94A0906218F682E00886D69 /* Speiseplan.swift */,
				D94A0908218F6A8800886D69 /* News.swift */,
				D9A7324720AB0B8A00AC194D /* Main.storyboard */,
				D9A7324A20AB0B9300AC194D /* Assets.xcassets */,
				D9A7324C20AB0B9300AC194D /* LaunchScreen.storyboard */,
				D9A7324F20AB0B9300AC194D /* Info.plist */,
			);
			path = "Gymnasium Herzogenaurach";
			sourceTree = "<group>";
		};
/* End PBXGroup section */

/* Begin PBXNativeTarget section */
		D9A7323D20AB0B8A00AC194D /* Gymnasium Herzogenaurach */ = {
			isa = PBXNativeTarget;
			buildConfigurationList = D9A7325220AB0B9300AC194D /* Build configuration list for PBXNativeTarget "Gymnasium Herzogenaurach" */;
			buildPhases = (
				D9A7323A20AB0B8A00AC194D /* Sources */,
				D9A7323B20AB0B8A00AC194D /* Frameworks */,
				D9A7323C20AB0B8A00AC194D /* Resources */,
			);
			buildRules = (
			);
			dependencies = (
			);
			name = "Gymnasium Herzogenaurach";
			productName = "Gymnasium Herzogenaurach";
			productReference = D9A7323E20AB0B8A00AC194D /* Gymnasium Herzogenaurach.app */;
			productType = "com.apple.product-type.application";
		};
/* End PBXNativeTarget section */

/* Begin PBXProject section */
		D9A7323620AB0B8A00AC194D /* Project object */ = {
			isa = PBXProject;
			attributes = {
				LastSwiftUpdateCheck = 0930;
				LastUpgradeCheck = 0930;
				ORGANIZATIONNAME = "Philipp Dormann";
				TargetAttributes = {
					D9A7323D20AB0B8A00AC194D = {
						CreatedOnToolsVersion = 9.3;
					};
				};
			};
			buildConfigurationList = D9A7323920AB0B8A00AC194D /* Build configuration list for PBXProject "Gymnasium Herzogenaurach" */;
			compatibilityVersion = "Xcode 9.3";
			developmentRegion = en;
			hasScannedForEncodings = 0;
			knownRegions = (
				Base,
			);
			mainGroup = D9A7323520AB0B8A00AC194D;
			productRefGroup = D9A7323F20AB0B8A00AC194D /* Products */;
			projectDirPath = "";
			projectRoot = "";
			targets = (
				D9A7323D20AB0B8A00AC194D /* Gymnasium Herzogenaurach */,
			);
		};
/* End PBXProject section */

/* Begin PBXResourcesBuildPhase section */
		D9A7323C20AB0B8A00AC194D /* Resources */ = {
			isa = PBXResourcesBuildPhase;
			buildActionMask = 2147483647;
			files = (
				D9A7324E20AB0B9300AC194D /* LaunchScreen.storyboard in Resources */,
				D9A7324B20AB0B9300AC194D /* Assets.xcassets in Resources */,
				D9A7324920AB0B8A00AC194D /* Main.storyboard in Resources */,
			);
			runOnlyForDeploymentPostprocessing = 0;
		};
/* End PBXResourcesBuildPhase section */

/* Begin PBXSourcesBuildPhase section */
		D9A7323A20AB0B8A00AC194D /* Sources */ = {
			isa = PBXSourcesBuildPhase;
			buildActionMask = 2147483647;
			files = (
				D94A0909218F6A8800886D69 /* News.swift in Sources */,
				D9A7324620AB0B8A00AC194D /* Settings.swift in Sources */,
				D9A7324220AB0B8A00AC194D /* AppDelegate.swift in Sources */,
				D983AE1220AB1CF800FA2851 /* Termine.swift in Sources */,
				D9A7324420AB0B8A00AC194D /* FirstViewController.swift in Sources */,
				D94A0907218F682E00886D69 /* Speiseplan.swift in Sources */,
			);
			runOnlyForDeploymentPostprocessing = 0;
		};
/* End PBXSourcesBuildPhase section */

/* Begin PBXVariantGroup section */
		D9A7324720AB0B8A00AC194D /* Main.storyboard */ = {
			isa = PBXVariantGroup;
			children = (
				D9A7324820AB0B8A00AC194D /* Base */,
				D983AE1320AB1ECA00FA2851 /* de */,
			);
			name = Main.storyboard;
			sourceTree = "<group>";
		};
		D9A7324C20AB0B9300AC194D /* LaunchScreen.storyboard */ = {
			isa = PBXVariantGroup;
			children = (
				D9A7324D20AB0B9300AC194D /* Base */,
				D983AE1420AB1ECA00FA2851 /* de */,
			);
			name = LaunchScreen.storyboard;
			sourceTree = "<group>";
		};
/* End PBXVariantGroup section */

/* Begin XCBuildConfiguration section */
		D9A7325020AB0B9300AC194D /* Debug */ = {
			isa = XCBuildConfiguration;
			buildSettings = {
				ALWAYS_SEARCH_USER_PATHS = NO;
				CLANG_ANALYZER_LOCALIZABILITY_NONLOCALIZED = YES;
				CLANG_ANALYZER_NONNULL = YES;
				CLANG_ANALYZER_NUMBER_OBJECT_CONVERSION = YES_AGGRESSIVE;
				CLANG_CXX_LANGUAGE_STANDARD = "gnu++14";
				CLANG_CXX_LIBRARY = "libc++";
				CLANG_ENABLE_MODULES = YES;
				CLANG_ENABLE_OBJC_ARC = YES;
				CLANG_ENABLE_OBJC_WEAK = YES;
				CLANG_WARN_BLOCK_CAPTURE_AUTORELEASING = YES;
				CLANG_WARN_BOOL_CONVERSION = YES;
				CLANG_WARN_COMMA = YES;
				CLANG_WARN_CONSTANT_CONVERSION = YES;
				CLANG_WARN_DEPRECATED_OBJC_IMPLEMENTATIONS = YES;
				CLANG_WARN_DIRECT_OBJC_ISA_USAGE = YES_ERROR;
				CLANG_WARN_DOCUMENTATION_COMMENTS = YES;
				CLANG_WARN_EMPTY_BODY = YES;
				CLANG_WARN_ENUM_CONVERSION = YES;
				CLANG_WARN_INFINITE_RECURSION = YES;
				CLANG_WARN_INT_CONVERSION = YES;
				CLANG_WARN_NON_LITERAL_NULL_CONVERSION = YES;
				CLANG_WARN_OBJC_IMPLICIT_RETAIN_SELF = YES;
				CLANG_WARN_OBJC_LITERAL_CONVERSION = YES;
				CLANG_WARN_OBJC_ROOT_CLASS = YES_ERROR;
				CLANG_WARN_RANGE_LOOP_ANALYSIS = YES;
				CLANG_WARN_STRICT_PROTOTYPES = YES;
				CLANG_WARN_SUSPICIOUS_MOVE = YES;
				CLANG_WARN_UNGUARDED_AVAILABILITY = YES_AGGRESSIVE;
				CLANG_WARN_UNREACHABLE_CODE = YES;
				CLANG_WARN__DUPLICATE_METHOD_MATCH = YES;
				CODE_SIGN_IDENTITY = "iPhone Developer";
				COPY_PHASE_STRIP = NO;
				DEBUG_INFORMATION_FORMAT = dwarf;
				ENABLE_STRICT_OBJC_MSGSEND = YES;
				ENABLE_TESTABILITY = YES;
				GCC_C_LANGUAGE_STANDARD = gnu11;
				GCC_DYNAMIC_NO_PIC = NO;
				GCC_NO_COMMON_BLOCKS = YES;
				GCC_OPTIMIZATION_LEVEL = 0;
				GCC_PREPROCESSOR_DEFINITIONS = (
					"DEBUG=1",
					"$(inherited)",
				);
				GCC_WARN_64_TO_32_BIT_CONVERSION = YES;
				GCC_WARN_ABOUT_RETURN_TYPE = YES_ERROR;
				GCC_WARN_UNDECLARED_SELECTOR = YES;
				GCC_WARN_UNINITIALIZED_AUTOS = YES_AGGRESSIVE;
				GCC_WARN_UNUSED_FUNCTION = YES;
				GCC_WARN_UNUSED_VARIABLE = YES;
				IPHONEOS_DEPLOYMENT_TARGET = 11.3;
				MTL_ENABLE_DEBUG_INFO = YES;
				ONLY_ACTIVE_ARCH = YES;
				SDKROOT = iphoneos;
				SWIFT_ACTIVE_COMPILATION_CONDITIONS = DEBUG;
				SWIFT_OPTIMIZATION_LEVEL = "-Onone";
			};
			name = Debug;
		};
		D9A7325120AB0B9300AC194D /* Release */ = {
			isa = XCBuildConfiguration;
			buildSettings = {
				ALWAYS_SEARCH_USER_PATHS = NO;
				CLANG_ANALYZER_LOCALIZABILITY_NONLOCALIZED = YES;
				CLANG_ANALYZER_NONNULL = YES;
				CLANG_ANALYZER_NUMBER_OBJECT_CONVERSION = YES_AGGRESSIVE;
				CLANG_CXX_LANGUAGE_STANDARD = "gnu++14";
				CLANG_CXX_LIBRARY = "libc++";
				CLANG_ENABLE_MODULES = YES;
				CLANG_ENABLE_OBJC_ARC = YES;
				CLANG_ENABLE_OBJC_WEAK = YES;
				CLANG_WARN_BLOCK_CAPTURE_AUTORELEASING = YES;
				CLANG_WARN_BOOL_CONVERSION = YES;
				CLANG_WARN_COMMA = YES;
				CLANG_WARN_CONSTANT_CONVERSION = YES;
				CLANG_WARN_DEPRECATED_OBJC_IMPLEMENTATIONS = YES;
				CLANG_WARN_DIRECT_OBJC_ISA_USAGE = YES_ERROR;
				CLANG_WARN_DOCUMENTATION_COMMENTS = YES;
				CLANG_WARN_EMPTY_BODY = YES;
				CLANG_WARN_ENUM_CONVERSION = YES;
				CLANG_WARN_INFINITE_RECURSION = YES;
				CLANG_WARN_INT_CONVERSION = YES;
				CLANG_WARN_NON_LITERAL_NULL_CONVERSION = YES;
				CLANG_WARN_OBJC_IMPLICIT_RETAIN_SELF = YES;
				CLANG_WARN_OBJC_LITERAL_CONVERSION = YES;
				CLANG_WARN_OBJC_ROOT_CLASS = YES_ERROR;
				CLANG_WARN_RANGE_LOOP_ANALYSIS = YES;
				CLANG_WARN_STRICT_PROTOTYPES = YES;
				CLANG_WARN_SUSPICIOUS_MOVE = YES;
				CLANG_WARN_UNGUARDED_AVAILABILITY = YES_AGGRESSIVE;
				CLANG_WARN_UNREACHABLE_CODE = YES;
				CLANG_WARN__DUPLICATE_METHOD_MATCH = YES;
				CODE_SIGN_IDENTITY = "iPhone Developer";
				COPY_PHASE_STRIP = NO;
				DEBUG_INFORMATION_FORMAT = "dwarf-with-dsym";
				ENABLE_NS_ASSERTIONS = NO;
				ENABLE_STRICT_OBJC_MSGSEND = YES;
				GCC_C_LANGUAGE_STANDARD = gnu11;
				GCC_NO_COMMON_BLOCKS = YES;
				GCC_WARN_64_TO_32_BIT_CONVERSION = YES;
				GCC_WARN_ABOUT_RETURN_TYPE = YES_ERROR;
				GCC_WARN_UNDECLARED_SELECTOR = YES;
				GCC_WARN_UNINITIALIZED_AUTOS = YES_AGGRESSIVE;
				GCC_WARN_UNUSED_FUNCTION = YES;
				GCC_WARN_UNUSED_VARIABLE = YES;
				IPHONEOS_DEPLOYMENT_TARGET = 11.3;
				MTL_ENABLE_DEBUG_INFO = NO;
				SDKROOT = iphoneos;
				SWIFT_COMPILATION_MODE = wholemodule;
				SWIFT_OPTIMIZATION_LEVEL = "-O";
				VALIDATE_PRODUCT = YES;
			};
			name = Release;
		};
		D9A7325320AB0B9300AC194D /* Debug */ = {
			isa = XCBuildConfiguration;
			buildSettings = {
				ASSETCATALOG_COMPILER_APPICON_NAME = AppIcon;
				CODE_SIGN_IDENTITY = "iPhone Developer";
				CODE_SIGN_STYLE = Automatic;
				DEVELOPMENT_TEAM = DF5953HE9Y;
				INFOPLIST_FILE = "Gymnasium Herzogenaurach/Info.plist";
				IPHONEOS_DEPLOYMENT_TARGET = 11.0;
				LD_RUNPATH_SEARCH_PATHS = (
					"$(inherited)",
					"@executable_path/Frameworks",
				);
				PRODUCT_BUNDLE_IDENTIFIER = de.philippdormann.GymnasiumHerzogenaurach;
				PRODUCT_NAME = "$(TARGET_NAME)";
				PROVISIONING_PROFILE_SPECIFIER = "";
				SWIFT_VERSION = 4.2;
				TARGETED_DEVICE_FAMILY = "1,2";
			};
			name = Debug;
		};
		D9A7325420AB0B9300AC194D /* Release */ = {
			isa = XCBuildConfiguration;
			buildSettings = {
				ASSETCATALOG_COMPILER_APPICON_NAME = AppIcon;
				CODE_SIGN_IDENTITY = "iPhone Developer";
				CODE_SIGN_STYLE = Automatic;
				DEVELOPMENT_TEAM = DF5953HE9Y;
				INFOPLIST_FILE = "Gymnasium Herzogenaurach/Info.plist";
				IPHONEOS_DEPLOYMENT_TARGET = 11.0;
				LD_RUNPATH_SEARCH_PATHS = (
					"$(inherited)",
					"@executable_path/Frameworks",
				);
				PRODUCT_BUNDLE_IDENTIFIER = de.philippdormann.GymnasiumHerzogenaurach;
				PRODUCT_NAME = "$(TARGET_NAME)";
				PROVISIONING_PROFILE_SPECIFIER = "";
				SWIFT_VERSION = 4.2;
				TARGETED_DEVICE_FAMILY = "1,2";
			};
			name = Release;
		};
/* End XCBuildConfiguration section */

/* Begin XCConfigurationList section */
		D9A7323920AB0B8A00AC194D /* Build configuration list for PBXProject "Gymnasium Herzogenaurach" */ = {
			isa = XCConfigurationList;
			buildConfigurations = (
				D9A7325020AB0B9300AC194D /* Debug */,
				D9A7325120AB0B9300AC194D /* Release */,
			);
			defaultConfigurationIsVisible = 0;
			defaultConfigurationName = Release;
		};
		D9A7325220AB0B9300AC194D /* Build configuration list for PBXNativeTarget "Gymnasium Herzogenaurach" */ = {
			isa = XCConfigurationList;
			buildConfigurations = (
				D9A7325320AB0B9300AC194D /* Debug */,
				D9A7325420AB0B9300AC194D /* Release */,
			);
			defaultConfigurationIsVisible = 0;
			defaultConfigurationName = Release;
		};
/* End XCConfigurationList section */
	};
	rootObject = D9A7323620AB0B8A00AC194D /* Project object */;
}
